{
  "version": 4,
  "terraform_version": "1.11.4",
  "serial": 9,
  "lineage": "e88b8a57-9b8f-7ab4-aa9b-429196af7952",
  "outputs": {
    "ec2_public_dns": {
      "value": "ec2-3-127-235-87.eu-central-1.compute.amazonaws.com",
      "type": "string"
    },
    "ec2_public_ip": {
      "value": "3.127.235.87",
      "type": "string"
    }
  },
  "resources": [
    {
      "mode": "managed",
      "type": "aws_instance",
      "name": "mern_backend",
      "provider": "provider[\"registry.terraform.io/hashicorp/aws\"]",
      "instances": [
        {
          "schema_version": 1,
          "attributes": {
            "ami": "ami-04e601abe3e1a910f",
            "arn": "arn:aws:ec2:eu-central-1:862201239674:instance/i-0442f4390e9cd806d",
            "associate_public_ip_address": true,
            "availability_zone": "eu-central-1b",
            "capacity_reservation_specification": [
              {
                "capacity_reservation_preference": "open",
                "capacity_reservation_target": []
              }
            ],
            "cpu_core_count": 1,
            "cpu_options": [
              {
                "amd_sev_snp": "",
                "core_count": 1,
                "threads_per_core": 2
              }
            ],
            "cpu_threads_per_core": 2,
            "credit_specification": [
              {
                "cpu_credits": "unlimited"
              }
            ],
            "disable_api_stop": false,
            "disable_api_termination": false,
            "ebs_block_device": [],
            "ebs_optimized": false,
            "enable_primary_ipv6": null,
            "enclave_options": [
              {
                "enabled": false
              }
            ],
            "ephemeral_block_device": [],
            "get_password_data": false,
            "hibernation": false,
            "host_id": "",
            "host_resource_group_arn": null,
            "iam_instance_profile": "",
            "id": "i-0442f4390e9cd806d",
            "instance_initiated_shutdown_behavior": "stop",
            "instance_lifecycle": "",
            "instance_market_options": [],
            "instance_state": "running",
            "instance_type": "t3.micro",
            "ipv6_address_count": 0,
            "ipv6_addresses": [],
            "key_name": "mern-key",
            "launch_template": [],
            "maintenance_options": [
              {
                "auto_recovery": "default"
              }
            ],
            "metadata_options": [
              {
                "http_endpoint": "enabled",
                "http_protocol_ipv6": "disabled",
                "http_put_response_hop_limit": 1,
                "http_tokens": "optional",
                "instance_metadata_tags": "disabled"
              }
            ],
            "monitoring": false,
            "network_interface": [],
            "outpost_arn": "",
            "password_data": "",
            "placement_group": "",
            "placement_partition_number": 0,
            "primary_network_interface_id": "eni-0b91d08299fcfa850",
            "private_dns": "ip-172-31-37-159.eu-central-1.compute.internal",
            "private_dns_name_options": [
              {
                "enable_resource_name_dns_a_record": false,
                "enable_resource_name_dns_aaaa_record": false,
                "hostname_type": "ip-name"
              }
            ],
            "private_ip": "172.31.37.159",
            "public_dns": "ec2-3-127-235-87.eu-central-1.compute.amazonaws.com",
            "public_ip": "3.127.235.87",
            "root_block_device": [
              {
                "delete_on_termination": true,
                "device_name": "/dev/sda1",
                "encrypted": false,
                "iops": 100,
                "kms_key_id": "",
                "tags": {},
                "tags_all": {},
                "throughput": 0,
                "volume_id": "vol-06191d0f506bb5ab7",
                "volume_size": 8,
                "volume_type": "gp2"
              }
            ],
            "secondary_private_ips": [],
            "security_groups": [
              "mern-sg"
            ],
            "source_dest_check": true,
            "spot_instance_request_id": "",
            "subnet_id": "subnet-0deab6ccdca6a2605",
            "tags": {
              "Name": "MERN-Backend"
            },
            "tags_all": {
              "Name": "MERN-Backend"
            },
            "tenancy": "default",
            "timeouts": null,
            "user_data": "c89e847dad7a66d5e3a69d69fa3126fc648e0af5",
            "user_data_base64": null,
            "user_data_replace_on_change": false,
            "volume_tags": null,
            "vpc_security_group_ids": [
              "sg-0d92475227f45a690"
            ]
          },
          "sensitive_attributes": [],
          "private": "eyJlMmJmYjczMC1lY2FhLTExZTYtOGY4OC0zNDM2M2JjN2M0YzAiOnsiY3JlYXRlIjo2MDAwMDAwMDAwMDAsImRlbGV0ZSI6MTIwMDAwMDAwMDAwMCwicmVhZCI6OTAwMDAwMDAwMDAwLCJ1cGRhdGUiOjYwMDAwMDAwMDAwMH0sInNjaGVtYV92ZXJzaW9uIjoiMSJ9",
          "dependencies": [
            "aws_key_pair.deployer",
            "aws_security_group.mern_sg"
          ]
        }
      ]
    },
    {
      "mode": "managed",
      "type": "aws_key_pair",
      "name": "deployer",
      "provider": "provider[\"registry.terraform.io/hashicorp/aws\"]",
      "instances": [
        {
          "schema_version": 1,
          "attributes": {
            "arn": "arn:aws:ec2:eu-central-1:862201239674:key-pair/mern-key",
            "fingerprint": "39:cd:e2:23:e3:87:1f:ea:2a:1e:13:9a:d8:4e:10:7c",
            "id": "mern-key",
            "key_name": "mern-key",
            "key_name_prefix": "",
            "key_pair_id": "key-0a286b2f2830a3e3e",
            "key_type": "rsa",
            "public_key": "ssh-rsa AAAAB3NzaC1yc2EAAAADAQABAAACAQC2Qoy4UZ+5PhF/kJ32GZHTRSvrhxM7cGeXN0CziAUVU9Iv0junVcN39er6svP/BK7C7aJNp7CLkkjOKBOyxJfwel6G/rbPp2DV1bfOfkaBFTz6qtf2sUekr3M7XVoDHoQmrAqDo9zHBf6uMSkDrexdLGDPU5VGixPcinu34YYj4zA833zmPD2Uyn0/t2ZHSmQMLvY9s40HRHkQDDJg6gbqysc4G7iKr+ze4RyhPKSPHeZia318Wj79gEh4M4H33KNVHCtXDMwFZ+GdJRZ9vxr4BHG0pui2WfUjt78BOk3GdFidUbn9hZVbAdVrn49DjTv2g4PfH7KUb1phP8sAoa54sNI28yq2WfGasex7xgpw0+wl7h29THy2RNvjX+qVwJigwr+aE/M0ugxtQXqb/uVxvappv84p0EJSeIWzyQZUEhiYZM8lr/GLFeDoiZg5qg+Oqwqd82PhwL0jBswn37QZkTYRBlHBVaE/9/mt6yq/u6vWGpj8JtxkN6+0iHBCRmbBjDpPihjHMNISoqR87CmFItt8ATMjtrvxWdbamCccOXG1rUBzjyFQfINATCfaEa/Axav+IfOsi75UO2LzOyxRROD16+C44RbH6cmCzwWzrc3YVrb6iJHPqGT2b35LJYmBwY57v8B3vWl+oSZ0lqZPyBeIe63XXg85zCTHPuMkFw== mern-blog",
            "tags": {},
            "tags_all": {}
          },
          "sensitive_attributes": [],
          "private": "eyJzY2hlbWFfdmVyc2lvbiI6IjEifQ=="
        }
      ]
    },
    {
      "mode": "managed",
      "type": "aws_security_group",
      "name": "mern_sg",
      "provider": "provider[\"registry.terraform.io/hashicorp/aws\"]",
      "instances": [
        {
          "schema_version": 1,
          "attributes": {
            "arn": "arn:aws:ec2:eu-central-1:862201239674:security-group/sg-0d92475227f45a690",
            "description": "Allow SSH, HTTP, and app port",
            "egress": [
              {
                "cidr_blocks": [
                  "0.0.0.0/0"
                ],
                "description": "",
                "from_port": 0,
                "ipv6_cidr_blocks": [],
                "prefix_list_ids": [],
                "protocol": "-1",
                "security_groups": [],
                "self": false,
                "to_port": 0
              }
            ],
            "id": "sg-0d92475227f45a690",
            "ingress": [
              {
                "cidr_blocks": [
                  "0.0.0.0/0"
                ],
                "description": "",
                "from_port": 22,
                "ipv6_cidr_blocks": [],
                "prefix_list_ids": [],
                "protocol": "tcp",
                "security_groups": [],
                "self": false,
                "to_port": 22
              },
              {
                "cidr_blocks": [
                  "0.0.0.0/0"
                ],
                "description": "",
                "from_port": 5000,
                "ipv6_cidr_blocks": [],
                "prefix_list_ids": [],
                "protocol": "tcp",
                "security_groups": [],
                "self": false,
                "to_port": 5000
              },
              {
                "cidr_blocks": [
                  "0.0.0.0/0"
                ],
                "description": "",
                "from_port": 80,
                "ipv6_cidr_blocks": [],
                "prefix_list_ids": [],
                "protocol": "tcp",
                "security_groups": [],
                "self": false,
                "to_port": 80
              }
            ],
            "name": "mern-sg",
            "name_prefix": "",
            "owner_id": "862201239674",
            "revoke_rules_on_delete": false,
            "tags": {},
            "tags_all": {},
            "timeouts": null,
            "vpc_id": "vpc-028bfc5a310a3efd3"
          },
          "sensitive_attributes": [],
          "private": "eyJlMmJmYjczMC1lY2FhLTExZTYtOGY4OC0zNDM2M2JjN2M0YzAiOnsiY3JlYXRlIjo2MDAwMDAwMDAwMDAsImRlbGV0ZSI6OTAwMDAwMDAwMDAwfSwic2NoZW1hX3ZlcnNpb24iOiIxIn0="
        }
      ]
    }
  ],
  "check_results": null
}
