{
  "version": 4,
  "terraform_version": "1.11.4",
  "serial": 7,
  "lineage": "e88b8a57-9b8f-7ab4-aa9b-429196af7952",
  "outputs": {},
  "resources": [
    {
      "mode": "managed",
      "type": "aws_key_pair",
      "name": "deployer",
      "provider": "provider[\"registry.terraform.io/hashicorp/aws\"]",
      "instances": [
        {
          "schema_version": 1,
          "attributes": {
            "arn": "arn:aws:ec2:eu-central-1:862201239674:key-pair/mern-key",
            "fingerprint": "39:cd:e2:23:e3:87:1f:ea:2a:1e:13:9a:d8:4e:10:7c",
            "id": "mern-key",
            "key_name": "mern-key",
            "key_name_prefix": "",
            "key_pair_id": "key-0a286b2f2830a3e3e",
            "key_type": "rsa",
            "public_key": "ssh-rsa AAAAB3NzaC1yc2EAAAADAQABAAACAQC2Qoy4UZ+5PhF/kJ32GZHTRSvrhxM7cGeXN0CziAUVU9Iv0junVcN39er6svP/BK7C7aJNp7CLkkjOKBOyxJfwel6G/rbPp2DV1bfOfkaBFTz6qtf2sUekr3M7XVoDHoQmrAqDo9zHBf6uMSkDrexdLGDPU5VGixPcinu34YYj4zA833zmPD2Uyn0/t2ZHSmQMLvY9s40HRHkQDDJg6gbqysc4G7iKr+ze4RyhPKSPHeZia318Wj79gEh4M4H33KNVHCtXDMwFZ+GdJRZ9vxr4BHG0pui2WfUjt78BOk3GdFidUbn9hZVbAdVrn49DjTv2g4PfH7KUb1phP8sAoa54sNI28yq2WfGasex7xgpw0+wl7h29THy2RNvjX+qVwJigwr+aE/M0ugxtQXqb/uVxvappv84p0EJSeIWzyQZUEhiYZM8lr/GLFeDoiZg5qg+Oqwqd82PhwL0jBswn37QZkTYRBlHBVaE/9/mt6yq/u6vWGpj8JtxkN6+0iHBCRmbBjDpPihjHMNISoqR87CmFItt8ATMjtrvxWdbamCccOXG1rUBzjyFQfINATCfaEa/Axav+IfOsi75UO2LzOyxRROD16+C44RbH6cmCzwWzrc3YVrb6iJHPqGT2b35LJYmBwY57v8B3vWl+oSZ0lqZPyBeIe63XXg85zCTHPuMkFw== mern-blog",
            "tags": null,
            "tags_all": {}
          },
          "sensitive_attributes": [],
          "private": "eyJzY2hlbWFfdmVyc2lvbiI6IjEifQ=="
        }
      ]
    },
    {
      "mode": "managed",
      "type": "aws_security_group",
      "name": "mern_sg",
      "provider": "provider[\"registry.terraform.io/hashicorp/aws\"]",
      "instances": [
        {
          "schema_version": 1,
          "attributes": {
            "arn": "arn:aws:ec2:eu-central-1:862201239674:security-group/sg-0d92475227f45a690",
            "description": "Allow SSH, HTTP, and app port",
            "egress": [
              {
                "cidr_blocks": [
                  "0.0.0.0/0"
                ],
                "description": "",
                "from_port": 0,
                "ipv6_cidr_blocks": [],
                "prefix_list_ids": [],
                "protocol": "-1",
                "security_groups": [],
                "self": false,
                "to_port": 0
              }
            ],
            "id": "sg-0d92475227f45a690",
            "ingress": [
              {
                "cidr_blocks": [
                  "0.0.0.0/0"
                ],
                "description": "",
                "from_port": 22,
                "ipv6_cidr_blocks": [],
                "prefix_list_ids": [],
                "protocol": "tcp",
                "security_groups": [],
                "self": false,
                "to_port": 22
              },
              {
                "cidr_blocks": [
                  "0.0.0.0/0"
                ],
                "description": "",
                "from_port": 5000,
                "ipv6_cidr_blocks": [],
                "prefix_list_ids": [],
                "protocol": "tcp",
                "security_groups": [],
                "self": false,
                "to_port": 5000
              },
              {
                "cidr_blocks": [
                  "0.0.0.0/0"
                ],
                "description": "",
                "from_port": 80,
                "ipv6_cidr_blocks": [],
                "prefix_list_ids": [],
                "protocol": "tcp",
                "security_groups": [],
                "self": false,
                "to_port": 80
              }
            ],
            "name": "mern-sg",
            "name_prefix": "",
            "owner_id": "862201239674",
            "revoke_rules_on_delete": false,
            "tags": null,
            "tags_all": {},
            "timeouts": null,
            "vpc_id": "vpc-028bfc5a310a3efd3"
          },
          "sensitive_attributes": [],
          "private": "eyJlMmJmYjczMC1lY2FhLTExZTYtOGY4OC0zNDM2M2JjN2M0YzAiOnsiY3JlYXRlIjo2MDAwMDAwMDAwMDAsImRlbGV0ZSI6OTAwMDAwMDAwMDAwfSwic2NoZW1hX3ZlcnNpb24iOiIxIn0="
        }
      ]
    }
  ],
  "check_results": null
}
